# THIS IS AN AUTOGENERATED FILE. DO NOT EDIT THIS FILE DIRECTLY.
# yarn lockfile v1


ajsr-notify@^0.0.1:
  version "0.0.1"
  resolved "https://registry.yarnpkg.com/ajsr-notify/-/ajsr-notify-0.0.1.tgz#81946eeef2fa6fcf04654188696d072b5cf3ec58"

animation-stepper@^0.0.1:
  version "0.0.1"
  resolved "https://registry.yarnpkg.com/animation-stepper/-/animation-stepper-0.0.1.tgz#78593f17116b8d5627c552d80c1f1840e1d83707"
